
Microsoft Visual Studio Solution File, Format Version 12.00
# Visual Studio 2013
VisualStudioVersion = 12.0.31101.0
MinimumVisualStudioVersion = 10.0.40219.1
Project("{FAE04EC0-301F-11D3-BF4B-00C04F79EFBC}") = "SqlDistributedMutex", "SqlDistributedMutex\SqlDistributedMutex.csproj", "{1EF0E4D4-DB61-4F70-B5BA-058B0BBEBA56}"
EndProject
Project("{FAE04EC0-301F-11D3-BF4B-00C04F79EFBC}") = "SqlDistributedMutexTest", "SqlDistributedMutexTest\SqlDistributedMutexTest.csproj", "{B87F7E91-B175-46D3-B711-DFC8DF5552AA}"
EndProject
Global
	GlobalSection(SolutionConfigurationPlatforms) = preSolution
		Debug|Any CPU = Debug|Any CPU
		Release|Any CPU = Release|Any CPU
	EndGlobalSection
	GlobalSection(ProjectConfigurationPlatforms) = postSolution
		{1EF0E4D4-DB61-4F70-B5BA-058B0BBEBA56}.Debug|Any CPU.ActiveCfg = Debug|Any CPU
		{1EF0E4D4-DB61-4F70-B5BA-058B0BBEBA56}.Debug|Any CPU.Build.0 = Debug|Any CPU
		{1EF0E4D4-DB61-4F70-B5BA-058B0BBEBA56}.Release|Any CPU.ActiveCfg = Release|Any CPU
		{1EF0E4D4-DB61-4F70-B5BA-058B0BBEBA56}.Release|Any CPU.Build.0 = Release|Any CPU
		{B87F7E91-B175-46D3-B711-DFC8DF5552AA}.Debug|Any CPU.ActiveCfg = Debug|Any CPU
		{B87F7E91-B175-46D3-B711-DFC8DF5552AA}.Debug|Any CPU.Build.0 = Debug|Any CPU
		{B87F7E91-B175-46D3-B711-DFC8DF5552AA}.Release|Any CPU.ActiveCfg = Release|Any CPU
		{B87F7E91-B175-46D3-B711-DFC8DF5552AA}.Release|Any CPU.Build.0 = Release|Any CPU
	EndGlobalSection
	GlobalSection(SolutionProperties) = preSolution
		HideSolutionNode = FALSE
	EndGlobalSection
EndGlobal
